// !$*UTF8*$!
{
	archiveVersion = 1;
	classes = {
	};
	objectVersion = 56;
	objects = {

/* Begin PBXBuildFile section */
		684196042BEC739A008F3E2C /* URLSessionHTTPClientTests.swift in Sources */ = {isa = PBXBuildFile; fileRef = 684196032BEC739A008F3E2C /* URLSessionHTTPClientTests.swift */; };
		687075722C46CF92003942B5 /* FeedViewControllerTests.swift in Sources */ = {isa = PBXBuildFile; fileRef = 687075712C46CF92003942B5 /* FeedViewControllerTests.swift */; };
		6870757A2C480EE5003942B5 /* XCTestCase+MemoryLeakTracking.swift in Sources */ = {isa = PBXBuildFile; fileRef = 68B139F82BF20B8C00EC4795 /* XCTestCase+MemoryLeakTracking.swift */; };
		687075802C4EA01C003942B5 /* EssentialFeediOS.framework in Frameworks */ = {isa = PBXBuildFile; fileRef = 6870755A2C46B3A9003942B5 /* EssentialFeediOS.framework */; };
		6870758B2C4EA2CD003942B5 /* EssentialFeed.framework in Frameworks */ = {isa = PBXBuildFile; fileRef = 688CCC632BE480EC004A8EEE /* EssentialFeed.framework */; };
		6870758C2C4EA2CD003942B5 /* EssentialFeed.framework in Embed Frameworks */ = {isa = PBXBuildFile; fileRef = 688CCC632BE480EC004A8EEE /* EssentialFeed.framework */; settings = {ATTRIBUTES = (CodeSignOnCopy, RemoveHeadersOnCopy, ); }; };
		687075902C4EA5BA003942B5 /* FeedViewController.swift in Sources */ = {isa = PBXBuildFile; fileRef = 6870758F2C4EA5BA003942B5 /* FeedViewController.swift */; };
		687075922C5005D6003942B5 /* FeedImageCell.swift in Sources */ = {isa = PBXBuildFile; fileRef = 687075912C5005D6003942B5 /* FeedImageCell.swift */; };
		687075942C5933EA003942B5 /* UIView+Shimmering.swift in Sources */ = {isa = PBXBuildFile; fileRef = 687075932C5933EA003942B5 /* UIView+Shimmering.swift */; };
		687075972C627415003942B5 /* UIImage+TestHelpers.swift in Sources */ = {isa = PBXBuildFile; fileRef = 687075962C627415003942B5 /* UIImage+TestHelpers.swift */; };
		687075992C6274AC003942B5 /* UIRefreshControl+TestHelpers.swift in Sources */ = {isa = PBXBuildFile; fileRef = 687075982C6274AC003942B5 /* UIRefreshControl+TestHelpers.swift */; };
		6870759B2C627588003942B5 /* UIButton+TestHelpers.swift in Sources */ = {isa = PBXBuildFile; fileRef = 6870759A2C627588003942B5 /* UIButton+TestHelpers.swift */; };
		6870759D2C627719003942B5 /* UIControl+TestHelpers.swift in Sources */ = {isa = PBXBuildFile; fileRef = 6870759C2C627719003942B5 /* UIControl+TestHelpers.swift */; };
		687075A22C627A2C003942B5 /* FeedViewController+TestHelpers.swift in Sources */ = {isa = PBXBuildFile; fileRef = 687075A12C627A2C003942B5 /* FeedViewController+TestHelpers.swift */; };
		687075A52C627B81003942B5 /* FakeRefreshControl.swift in Sources */ = {isa = PBXBuildFile; fileRef = 687075A42C627B81003942B5 /* FakeRefreshControl.swift */; };
		687075A72C627C36003942B5 /* FeedImageCell+TestHelpers.swift in Sources */ = {isa = PBXBuildFile; fileRef = 687075A62C627C36003942B5 /* FeedImageCell+TestHelpers.swift */; };
		687075A92C627D86003942B5 /* FeedViewControllerTests+LoaderSpy.swift in Sources */ = {isa = PBXBuildFile; fileRef = 687075A82C627D86003942B5 /* FeedViewControllerTests+LoaderSpy.swift */; };
		687075AB2C627E61003942B5 /* FeedViewControllerTests+Assertions.swift in Sources */ = {isa = PBXBuildFile; fileRef = 687075AA2C627E61003942B5 /* FeedViewControllerTests+Assertions.swift */; };
		687075B02C6283AC003942B5 /* FeedImageDataLoader.swift in Sources */ = {isa = PBXBuildFile; fileRef = 687075AF2C6283AC003942B5 /* FeedImageDataLoader.swift */; };
		687075B22C651D72003942B5 /* FeedRefreshViewController.swift in Sources */ = {isa = PBXBuildFile; fileRef = 687075B12C651D72003942B5 /* FeedRefreshViewController.swift */; };
		687075B42C6526CB003942B5 /* FeedImageCellController.swift in Sources */ = {isa = PBXBuildFile; fileRef = 687075B32C6526CB003942B5 /* FeedImageCellController.swift */; };
		687075B92C74E833003942B5 /* FeedImageViewModel.swift in Sources */ = {isa = PBXBuildFile; fileRef = 687075B82C74E833003942B5 /* FeedImageViewModel.swift */; };
		687075BC2C77940C003942B5 /* FeedUIComposer.swift in Sources */ = {isa = PBXBuildFile; fileRef = 687075BB2C77940C003942B5 /* FeedUIComposer.swift */; };
		687075BE2C7E0EAD003942B5 /* FeedPresenter.swift in Sources */ = {isa = PBXBuildFile; fileRef = 687075BD2C7E0EAD003942B5 /* FeedPresenter.swift */; };
		6878F4E92BFDB75D0050A78D /* LoadFeedFromCacheUserCaseTests.swift in Sources */ = {isa = PBXBuildFile; fileRef = 6878F4E82BFDB75D0050A78D /* LoadFeedFromCacheUserCaseTests.swift */; };
		6878F4EC2BFDB87F0050A78D /* FeedStoreSpy.swift in Sources */ = {isa = PBXBuildFile; fileRef = 6878F4EB2BFDB87F0050A78D /* FeedStoreSpy.swift */; };
		6878F4EE2BFEE1A50050A78D /* ValidateFeedCacheUseCaseTests.swift in Sources */ = {isa = PBXBuildFile; fileRef = 6878F4ED2BFEE1A50050A78D /* ValidateFeedCacheUseCaseTests.swift */; };
		6878F4F02BFEE79E0050A78D /* FeedCacheTestHelpers.swift in Sources */ = {isa = PBXBuildFile; fileRef = 6878F4EF2BFEE79E0050A78D /* FeedCacheTestHelpers.swift */; };
		6878F4F22BFEE8CB0050A78D /* SharedTestHelpers.swift in Sources */ = {isa = PBXBuildFile; fileRef = 6878F4F12BFEE8CB0050A78D /* SharedTestHelpers.swift */; };
		6878F4F42BFF00A50050A78D /* FeedCachePolicy.swift in Sources */ = {isa = PBXBuildFile; fileRef = 6878F4F32BFF00A50050A78D /* FeedCachePolicy.swift */; };
		688CCC682BE480EC004A8EEE /* EssentialFeed.docc in Sources */ = {isa = PBXBuildFile; fileRef = 688CCC672BE480EC004A8EEE /* EssentialFeed.docc */; };
		688CCC6E2BE480EC004A8EEE /* EssentialFeed.framework in Frameworks */ = {isa = PBXBuildFile; fileRef = 688CCC632BE480EC004A8EEE /* EssentialFeed.framework */; };
		688CCC732BE480EC004A8EEE /* EssentialFeedTests.swift in Sources */ = {isa = PBXBuildFile; fileRef = 688CCC722BE480EC004A8EEE /* EssentialFeedTests.swift */; };
		688CCC742BE480EC004A8EEE /* EssentialFeed.h in Headers */ = {isa = PBXBuildFile; fileRef = 688CCC662BE480EC004A8EEE /* EssentialFeed.h */; settings = {ATTRIBUTES = (Public, ); }; };
		688CCC7E2BE48139004A8EEE /* FeedImage.swift in Sources */ = {isa = PBXBuildFile; fileRef = 688CCC7D2BE48139004A8EEE /* FeedImage.swift */; };
		688CCC802BE4822C004A8EEE /* FeedLoader.swift in Sources */ = {isa = PBXBuildFile; fileRef = 688CCC7F2BE4822C004A8EEE /* FeedLoader.swift */; };
		688CCC832BE486A0004A8EEE /* LoadFeedFromRemoteUseCaseTests.swift in Sources */ = {isa = PBXBuildFile; fileRef = 688CCC822BE486A0004A8EEE /* LoadFeedFromRemoteUseCaseTests.swift */; };
		688CCC862BE496E2004A8EEE /* RemoteFeedLoader.swift in Sources */ = {isa = PBXBuildFile; fileRef = 688CCC852BE496E2004A8EEE /* RemoteFeedLoader.swift */; };
		688CCC882BE731C8004A8EEE /* HTTPClient.swift in Sources */ = {isa = PBXBuildFile; fileRef = 688CCC872BE731C8004A8EEE /* HTTPClient.swift */; };
		688CCC8A2BE7321B004A8EEE /* FeedItemsMapper.swift in Sources */ = {isa = PBXBuildFile; fileRef = 688CCC892BE7321B004A8EEE /* FeedItemsMapper.swift */; };
		68AAE49A2BFA039400DA1DC8 /* CacheFeedUseCaseTests.swift in Sources */ = {isa = PBXBuildFile; fileRef = 68AAE4992BFA039400DA1DC8 /* CacheFeedUseCaseTests.swift */; };
		68AAE49D2BFC51F100DA1DC8 /* LocalFeedLoader.swift in Sources */ = {isa = PBXBuildFile; fileRef = 68AAE49C2BFC51F100DA1DC8 /* LocalFeedLoader.swift */; };
		68AAE49F2BFC528600DA1DC8 /* FeedStore.swift in Sources */ = {isa = PBXBuildFile; fileRef = 68AAE49E2BFC528600DA1DC8 /* FeedStore.swift */; };
		68AAE4A12BFCDEFC00DA1DC8 /* RemoteFeedItem.swift in Sources */ = {isa = PBXBuildFile; fileRef = 68AAE4A02BFCDEFC00DA1DC8 /* RemoteFeedItem.swift */; };
		68AAE4A32BFCDF7200DA1DC8 /* LocalFeedImage.swift in Sources */ = {isa = PBXBuildFile; fileRef = 68AAE4A22BFCDF7200DA1DC8 /* LocalFeedImage.swift */; };
		68B139F92BF20B8C00EC4795 /* XCTestCase+MemoryLeakTracking.swift in Sources */ = {isa = PBXBuildFile; fileRef = 68B139F82BF20B8C00EC4795 /* XCTestCase+MemoryLeakTracking.swift */; };
		68B139FB2BF30EA800EC4795 /* URLSessionHTTPClient.swift in Sources */ = {isa = PBXBuildFile; fileRef = 68B139FA2BF30EA800EC4795 /* URLSessionHTTPClient.swift */; };
		68B13A042BF3152700EC4795 /* EssentialFeedAPIEndToEndTests.swift in Sources */ = {isa = PBXBuildFile; fileRef = 68B13A032BF3152700EC4795 /* EssentialFeedAPIEndToEndTests.swift */; };
		68B13A052BF3152700EC4795 /* EssentialFeed.framework in Frameworks */ = {isa = PBXBuildFile; fileRef = 688CCC632BE480EC004A8EEE /* EssentialFeed.framework */; };
		68B13A0B2BF329FB00EC4795 /* XCTestCase+MemoryLeakTracking.swift in Sources */ = {isa = PBXBuildFile; fileRef = 68B139F82BF20B8C00EC4795 /* XCTestCase+MemoryLeakTracking.swift */; };
		68EC40892C1B18700084AF53 /* FeedStoreSpecs.swift in Sources */ = {isa = PBXBuildFile; fileRef = 68EC40882C1B18700084AF53 /* FeedStoreSpecs.swift */; };
		68EC408B2C1B1CC90084AF53 /* XCTestCase+FeedStoreSpecs.swift in Sources */ = {isa = PBXBuildFile; fileRef = 68EC408A2C1B1CC90084AF53 /* XCTestCase+FeedStoreSpecs.swift */; };
		68EC408D2C1C270A0084AF53 /* XCTestCase+FailableRetrieveFeedStoreSpecs.swift in Sources */ = {isa = PBXBuildFile; fileRef = 68EC408C2C1C270A0084AF53 /* XCTestCase+FailableRetrieveFeedStoreSpecs.swift */; };
		68EC408F2C1C28810084AF53 /* XCTestCase+FailableInsertFeedStoreSpecs.swift in Sources */ = {isa = PBXBuildFile; fileRef = 68EC408E2C1C28810084AF53 /* XCTestCase+FailableInsertFeedStoreSpecs.swift */; };
		68EC40912C1C2A560084AF53 /* XCTestCase+FailableDeleteFeedStoreSpecs.swift in Sources */ = {isa = PBXBuildFile; fileRef = 68EC40902C1C2A560084AF53 /* XCTestCase+FailableDeleteFeedStoreSpecs.swift */; };
		68EC40942C2D9CA90084AF53 /* CoreDataFeedStoreTests.swift in Sources */ = {isa = PBXBuildFile; fileRef = 68EC40932C2D9CA90084AF53 /* CoreDataFeedStoreTests.swift */; };
		68EC40962C2D9D340084AF53 /* CoreDataFeedStore.swift in Sources */ = {isa = PBXBuildFile; fileRef = 68EC40952C2D9D340084AF53 /* CoreDataFeedStore.swift */; };
		68EC40992C2DA2630084AF53 /* FeedStore.xcdatamodeld in Sources */ = {isa = PBXBuildFile; fileRef = 68EC40972C2DA2630084AF53 /* FeedStore.xcdatamodeld */; };
		68EC409E2C342BFA0084AF53 /* CoreDataHelpers.swift in Sources */ = {isa = PBXBuildFile; fileRef = 68EC409D2C342BF90084AF53 /* CoreDataHelpers.swift */; };
		68EC40A02C342CDA0084AF53 /* ManagedCache.swift in Sources */ = {isa = PBXBuildFile; fileRef = 68EC409F2C342CDA0084AF53 /* ManagedCache.swift */; };
		68EC40A22C342CF30084AF53 /* ManagedFeedImage.swift in Sources */ = {isa = PBXBuildFile; fileRef = 68EC40A12C342CF30084AF53 /* ManagedFeedImage.swift */; };
		68EC40BD2C3C2CB30084AF53 /* EssentialFeedCacheIntegrationTests.swift in Sources */ = {isa = PBXBuildFile; fileRef = 68EC40BC2C3C2CB30084AF53 /* EssentialFeedCacheIntegrationTests.swift */; };
		68EC40BE2C3C2CB30084AF53 /* EssentialFeed.framework in Frameworks */ = {isa = PBXBuildFile; fileRef = 688CCC632BE480EC004A8EEE /* EssentialFeed.framework */; };
		68EC40C52C3C2D740084AF53 /* XCTestCase+MemoryLeakTracking.swift in Sources */ = {isa = PBXBuildFile; fileRef = 68B139F82BF20B8C00EC4795 /* XCTestCase+MemoryLeakTracking.swift */; };
		68EC40C62C3C36BF0084AF53 /* FeedCacheTestHelpers.swift in Sources */ = {isa = PBXBuildFile; fileRef = 6878F4EF2BFEE79E0050A78D /* FeedCacheTestHelpers.swift */; };
		68EC40C72C3C36C60084AF53 /* SharedTestHelpers.swift in Sources */ = {isa = PBXBuildFile; fileRef = 6878F4F12BFEE8CB0050A78D /* SharedTestHelpers.swift */; };
/* End PBXBuildFile section */

/* Begin PBXContainerItemProxy section */
		687075822C4EA01C003942B5 /* PBXContainerItemProxy */ = {
			isa = PBXContainerItemProxy;
			containerPortal = 688CCC5A2BE480EC004A8EEE /* Project object */;
			proxyType = 1;
			remoteGlobalIDString = 687075592C46B3A8003942B5;
			remoteInfo = EssentialFeediOS;
		};
		687075872C4EA0D4003942B5 /* PBXContainerItemProxy */ = {
			isa = PBXContainerItemProxy;
			containerPortal = 688CCC5A2BE480EC004A8EEE /* Project object */;
			proxyType = 1;
			remoteGlobalIDString = 688CCC622BE480EC004A8EEE;
			remoteInfo = EssentialFeed;
		};
		688CCC6F2BE480EC004A8EEE /* PBXContainerItemProxy */ = {
			isa = PBXContainerItemProxy;
			containerPortal = 688CCC5A2BE480EC004A8EEE /* Project object */;
			proxyType = 1;
			remoteGlobalIDString = 688CCC622BE480EC004A8EEE;
			remoteInfo = EssentialFeed;
		};
		68B13A062BF3152700EC4795 /* PBXContainerItemProxy */ = {
			isa = PBXContainerItemProxy;
			containerPortal = 688CCC5A2BE480EC004A8EEE /* Project object */;
			proxyType = 1;
			remoteGlobalIDString = 688CCC622BE480EC004A8EEE;
			remoteInfo = EssentialFeed;
		};
		68EC40BF2C3C2CB30084AF53 /* PBXContainerItemProxy */ = {
			isa = PBXContainerItemProxy;
			containerPortal = 688CCC5A2BE480EC004A8EEE /* Project object */;
			proxyType = 1;
			remoteGlobalIDString = 688CCC622BE480EC004A8EEE;
			remoteInfo = EssentialFeed;
		};
/* End PBXContainerItemProxy section */

/* Begin PBXCopyFilesBuildPhase section */
		6870758D2C4EA2CD003942B5 /* Embed Frameworks */ = {
			isa = PBXCopyFilesBuildPhase;
			buildActionMask = 2147483647;
			dstPath = "";
			dstSubfolderSpec = 10;
			files = (
				6870758C2C4EA2CD003942B5 /* EssentialFeed.framework in Embed Frameworks */,
			);
			name = "Embed Frameworks";
			runOnlyForDeploymentPostprocessing = 0;
		};
/* End PBXCopyFilesBuildPhase section */

/* Begin PBXFileReference section */
		684196032BEC739A008F3E2C /* URLSessionHTTPClientTests.swift */ = {isa = PBXFileReference; lastKnownFileType = sourcecode.swift; path = URLSessionHTTPClientTests.swift; sourceTree = "<group>"; };
		687075542C46AFF8003942B5 /* EssentialFeedAPIEndToEndTests.xctestplan */ = {isa = PBXFileReference; lastKnownFileType = text; path = EssentialFeedAPIEndToEndTests.xctestplan; sourceTree = "<group>"; };
		6870755A2C46B3A9003942B5 /* EssentialFeediOS.framework */ = {isa = PBXFileReference; explicitFileType = wrapper.framework; includeInIndex = 0; path = EssentialFeediOS.framework; sourceTree = BUILT_PRODUCTS_DIR; };
		687075612C46B3A9003942B5 /* EssentialFeediOSTests.xctest */ = {isa = PBXFileReference; explicitFileType = wrapper.cfbundle; includeInIndex = 0; path = EssentialFeediOSTests.xctest; sourceTree = BUILT_PRODUCTS_DIR; };
		6870756F2C46B42C003942B5 /* EssentialFeediOS.xctestplan */ = {isa = PBXFileReference; lastKnownFileType = text; path = EssentialFeediOS.xctestplan; sourceTree = "<group>"; };
		687075702C46B8F1003942B5 /* CI_iOS.xctestplan */ = {isa = PBXFileReference; lastKnownFileType = text; path = CI_iOS.xctestplan; sourceTree = "<group>"; };
		687075712C46CF92003942B5 /* FeedViewControllerTests.swift */ = {isa = PBXFileReference; lastKnownFileType = sourcecode.swift; path = FeedViewControllerTests.swift; sourceTree = "<group>"; };
		6870758F2C4EA5BA003942B5 /* FeedViewController.swift */ = {isa = PBXFileReference; lastKnownFileType = sourcecode.swift; path = FeedViewController.swift; sourceTree = "<group>"; };
		687075912C5005D6003942B5 /* FeedImageCell.swift */ = {isa = PBXFileReference; lastKnownFileType = sourcecode.swift; path = FeedImageCell.swift; sourceTree = "<group>"; };
		687075932C5933EA003942B5 /* UIView+Shimmering.swift */ = {isa = PBXFileReference; lastKnownFileType = sourcecode.swift; path = "UIView+Shimmering.swift"; sourceTree = "<group>"; };
		687075962C627415003942B5 /* UIImage+TestHelpers.swift */ = {isa = PBXFileReference; lastKnownFileType = sourcecode.swift; path = "UIImage+TestHelpers.swift"; sourceTree = "<group>"; };
		687075982C6274AC003942B5 /* UIRefreshControl+TestHelpers.swift */ = {isa = PBXFileReference; lastKnownFileType = sourcecode.swift; path = "UIRefreshControl+TestHelpers.swift"; sourceTree = "<group>"; };
		6870759A2C627588003942B5 /* UIButton+TestHelpers.swift */ = {isa = PBXFileReference; lastKnownFileType = sourcecode.swift; path = "UIButton+TestHelpers.swift"; sourceTree = "<group>"; };
		6870759C2C627719003942B5 /* UIControl+TestHelpers.swift */ = {isa = PBXFileReference; lastKnownFileType = sourcecode.swift; path = "UIControl+TestHelpers.swift"; sourceTree = "<group>"; };
		687075A12C627A2C003942B5 /* FeedViewController+TestHelpers.swift */ = {isa = PBXFileReference; lastKnownFileType = sourcecode.swift; path = "FeedViewController+TestHelpers.swift"; sourceTree = "<group>"; };
		687075A42C627B81003942B5 /* FakeRefreshControl.swift */ = {isa = PBXFileReference; lastKnownFileType = sourcecode.swift; path = FakeRefreshControl.swift; sourceTree = "<group>"; };
		687075A62C627C36003942B5 /* FeedImageCell+TestHelpers.swift */ = {isa = PBXFileReference; lastKnownFileType = sourcecode.swift; path = "FeedImageCell+TestHelpers.swift"; sourceTree = "<group>"; };
		687075A82C627D86003942B5 /* FeedViewControllerTests+LoaderSpy.swift */ = {isa = PBXFileReference; lastKnownFileType = sourcecode.swift; path = "FeedViewControllerTests+LoaderSpy.swift"; sourceTree = "<group>"; };
		687075AA2C627E61003942B5 /* FeedViewControllerTests+Assertions.swift */ = {isa = PBXFileReference; lastKnownFileType = sourcecode.swift; path = "FeedViewControllerTests+Assertions.swift"; sourceTree = "<group>"; };
		687075AF2C6283AC003942B5 /* FeedImageDataLoader.swift */ = {isa = PBXFileReference; lastKnownFileType = sourcecode.swift; path = FeedImageDataLoader.swift; sourceTree = "<group>"; };
		687075B12C651D72003942B5 /* FeedRefreshViewController.swift */ = {isa = PBXFileReference; lastKnownFileType = sourcecode.swift; path = FeedRefreshViewController.swift; sourceTree = "<group>"; };
		687075B32C6526CB003942B5 /* FeedImageCellController.swift */ = {isa = PBXFileReference; lastKnownFileType = sourcecode.swift; path = FeedImageCellController.swift; sourceTree = "<group>"; };
		687075B82C74E833003942B5 /* FeedImageViewModel.swift */ = {isa = PBXFileReference; lastKnownFileType = sourcecode.swift; path = FeedImageViewModel.swift; sourceTree = "<group>"; };
		687075BB2C77940C003942B5 /* FeedUIComposer.swift */ = {isa = PBXFileReference; lastKnownFileType = sourcecode.swift; path = FeedUIComposer.swift; sourceTree = "<group>"; };
		687075BD2C7E0EAD003942B5 /* FeedPresenter.swift */ = {isa = PBXFileReference; lastKnownFileType = sourcecode.swift; path = FeedPresenter.swift; sourceTree = "<group>"; };
		6878F4E82BFDB75D0050A78D /* LoadFeedFromCacheUserCaseTests.swift */ = {isa = PBXFileReference; lastKnownFileType = sourcecode.swift; path = LoadFeedFromCacheUserCaseTests.swift; sourceTree = "<group>"; };
		6878F4EB2BFDB87F0050A78D /* FeedStoreSpy.swift */ = {isa = PBXFileReference; lastKnownFileType = sourcecode.swift; path = FeedStoreSpy.swift; sourceTree = "<group>"; };
		6878F4ED2BFEE1A50050A78D /* ValidateFeedCacheUseCaseTests.swift */ = {isa = PBXFileReference; lastKnownFileType = sourcecode.swift; path = ValidateFeedCacheUseCaseTests.swift; sourceTree = "<group>"; };
		6878F4EF2BFEE79E0050A78D /* FeedCacheTestHelpers.swift */ = {isa = PBXFileReference; lastKnownFileType = sourcecode.swift; path = FeedCacheTestHelpers.swift; sourceTree = "<group>"; };
		6878F4F12BFEE8CB0050A78D /* SharedTestHelpers.swift */ = {isa = PBXFileReference; lastKnownFileType = sourcecode.swift; path = SharedTestHelpers.swift; sourceTree = "<group>"; };
		6878F4F32BFF00A50050A78D /* FeedCachePolicy.swift */ = {isa = PBXFileReference; lastKnownFileType = sourcecode.swift; path = FeedCachePolicy.swift; sourceTree = "<group>"; };
		688CCC632BE480EC004A8EEE /* EssentialFeed.framework */ = {isa = PBXFileReference; explicitFileType = wrapper.framework; includeInIndex = 0; path = EssentialFeed.framework; sourceTree = BUILT_PRODUCTS_DIR; };
		688CCC662BE480EC004A8EEE /* EssentialFeed.h */ = {isa = PBXFileReference; lastKnownFileType = sourcecode.c.h; path = EssentialFeed.h; sourceTree = "<group>"; };
		688CCC672BE480EC004A8EEE /* EssentialFeed.docc */ = {isa = PBXFileReference; lastKnownFileType = folder.documentationcatalog; path = EssentialFeed.docc; sourceTree = "<group>"; };
		688CCC6D2BE480EC004A8EEE /* EssentialFeedTests.xctest */ = {isa = PBXFileReference; explicitFileType = wrapper.cfbundle; includeInIndex = 0; path = EssentialFeedTests.xctest; sourceTree = BUILT_PRODUCTS_DIR; };
		688CCC722BE480EC004A8EEE /* EssentialFeedTests.swift */ = {isa = PBXFileReference; lastKnownFileType = sourcecode.swift; path = EssentialFeedTests.swift; sourceTree = "<group>"; };
		688CCC7D2BE48139004A8EEE /* FeedImage.swift */ = {isa = PBXFileReference; lastKnownFileType = sourcecode.swift; path = FeedImage.swift; sourceTree = "<group>"; };
		688CCC7F2BE4822C004A8EEE /* FeedLoader.swift */ = {isa = PBXFileReference; lastKnownFileType = sourcecode.swift; path = FeedLoader.swift; sourceTree = "<group>"; };
		688CCC822BE486A0004A8EEE /* LoadFeedFromRemoteUseCaseTests.swift */ = {isa = PBXFileReference; lastKnownFileType = sourcecode.swift; path = LoadFeedFromRemoteUseCaseTests.swift; sourceTree = "<group>"; };
		688CCC852BE496E2004A8EEE /* RemoteFeedLoader.swift */ = {isa = PBXFileReference; lastKnownFileType = sourcecode.swift; path = RemoteFeedLoader.swift; sourceTree = "<group>"; };
		688CCC872BE731C8004A8EEE /* HTTPClient.swift */ = {isa = PBXFileReference; lastKnownFileType = sourcecode.swift; path = HTTPClient.swift; sourceTree = "<group>"; };
		688CCC892BE7321B004A8EEE /* FeedItemsMapper.swift */ = {isa = PBXFileReference; lastKnownFileType = sourcecode.swift; path = FeedItemsMapper.swift; sourceTree = "<group>"; };
		68AAE4992BFA039400DA1DC8 /* CacheFeedUseCaseTests.swift */ = {isa = PBXFileReference; lastKnownFileType = sourcecode.swift; path = CacheFeedUseCaseTests.swift; sourceTree = "<group>"; };
		68AAE49C2BFC51F100DA1DC8 /* LocalFeedLoader.swift */ = {isa = PBXFileReference; lastKnownFileType = sourcecode.swift; path = LocalFeedLoader.swift; sourceTree = "<group>"; };
		68AAE49E2BFC528600DA1DC8 /* FeedStore.swift */ = {isa = PBXFileReference; lastKnownFileType = sourcecode.swift; path = FeedStore.swift; sourceTree = "<group>"; };
		68AAE4A02BFCDEFC00DA1DC8 /* RemoteFeedItem.swift */ = {isa = PBXFileReference; lastKnownFileType = sourcecode.swift; path = RemoteFeedItem.swift; sourceTree = "<group>"; };
		68AAE4A22BFCDF7200DA1DC8 /* LocalFeedImage.swift */ = {isa = PBXFileReference; lastKnownFileType = sourcecode.swift; path = LocalFeedImage.swift; sourceTree = "<group>"; };
		68B139F82BF20B8C00EC4795 /* XCTestCase+MemoryLeakTracking.swift */ = {isa = PBXFileReference; lastKnownFileType = sourcecode.swift; path = "XCTestCase+MemoryLeakTracking.swift"; sourceTree = "<group>"; };
		68B139FA2BF30EA800EC4795 /* URLSessionHTTPClient.swift */ = {isa = PBXFileReference; lastKnownFileType = sourcecode.swift; path = URLSessionHTTPClient.swift; sourceTree = "<group>"; };
		68B139FC2BF3128A00EC4795 /* EssentialFeed.xctestplan */ = {isa = PBXFileReference; lastKnownFileType = text; path = EssentialFeed.xctestplan; sourceTree = "<group>"; };
		68B13A012BF3152700EC4795 /* EssentialFeedAPIEndToEndTests.xctest */ = {isa = PBXFileReference; explicitFileType = wrapper.cfbundle; includeInIndex = 0; path = EssentialFeedAPIEndToEndTests.xctest; sourceTree = BUILT_PRODUCTS_DIR; };
		68B13A032BF3152700EC4795 /* EssentialFeedAPIEndToEndTests.swift */ = {isa = PBXFileReference; lastKnownFileType = sourcecode.swift; path = EssentialFeedAPIEndToEndTests.swift; sourceTree = "<group>"; };
		68B13A0D2BF32E5400EC4795 /* CI.xctestplan */ = {isa = PBXFileReference; lastKnownFileType = text; path = CI.xctestplan; sourceTree = "<group>"; };
		68EC40882C1B18700084AF53 /* FeedStoreSpecs.swift */ = {isa = PBXFileReference; lastKnownFileType = sourcecode.swift; path = FeedStoreSpecs.swift; sourceTree = "<group>"; };
		68EC408A2C1B1CC90084AF53 /* XCTestCase+FeedStoreSpecs.swift */ = {isa = PBXFileReference; lastKnownFileType = sourcecode.swift; path = "XCTestCase+FeedStoreSpecs.swift"; sourceTree = "<group>"; };
		68EC408C2C1C270A0084AF53 /* XCTestCase+FailableRetrieveFeedStoreSpecs.swift */ = {isa = PBXFileReference; lastKnownFileType = sourcecode.swift; path = "XCTestCase+FailableRetrieveFeedStoreSpecs.swift"; sourceTree = "<group>"; };
		68EC408E2C1C28810084AF53 /* XCTestCase+FailableInsertFeedStoreSpecs.swift */ = {isa = PBXFileReference; lastKnownFileType = sourcecode.swift; path = "XCTestCase+FailableInsertFeedStoreSpecs.swift"; sourceTree = "<group>"; };
		68EC40902C1C2A560084AF53 /* XCTestCase+FailableDeleteFeedStoreSpecs.swift */ = {isa = PBXFileReference; lastKnownFileType = sourcecode.swift; path = "XCTestCase+FailableDeleteFeedStoreSpecs.swift"; sourceTree = "<group>"; };
		68EC40932C2D9CA90084AF53 /* CoreDataFeedStoreTests.swift */ = {isa = PBXFileReference; lastKnownFileType = sourcecode.swift; path = CoreDataFeedStoreTests.swift; sourceTree = "<group>"; };
		68EC40952C2D9D340084AF53 /* CoreDataFeedStore.swift */ = {isa = PBXFileReference; lastKnownFileType = sourcecode.swift; path = CoreDataFeedStore.swift; sourceTree = "<group>"; };
		68EC40982C2DA2630084AF53 /* FeedStore.xcdatamodel */ = {isa = PBXFileReference; lastKnownFileType = wrapper.xcdatamodel; path = FeedStore.xcdatamodel; sourceTree = "<group>"; };
		68EC409D2C342BF90084AF53 /* CoreDataHelpers.swift */ = {isa = PBXFileReference; lastKnownFileType = sourcecode.swift; path = CoreDataHelpers.swift; sourceTree = "<group>"; };
		68EC409F2C342CDA0084AF53 /* ManagedCache.swift */ = {isa = PBXFileReference; lastKnownFileType = sourcecode.swift; path = ManagedCache.swift; sourceTree = "<group>"; };
		68EC40A12C342CF30084AF53 /* ManagedFeedImage.swift */ = {isa = PBXFileReference; lastKnownFileType = sourcecode.swift; path = ManagedFeedImage.swift; sourceTree = "<group>"; };
		68EC40BA2C3C2CB30084AF53 /* EssentialFeedCacheIntegrationTests.xctest */ = {isa = PBXFileReference; explicitFileType = wrapper.cfbundle; includeInIndex = 0; path = EssentialFeedCacheIntegrationTests.xctest; sourceTree = BUILT_PRODUCTS_DIR; };
		68EC40BC2C3C2CB30084AF53 /* EssentialFeedCacheIntegrationTests.swift */ = {isa = PBXFileReference; lastKnownFileType = sourcecode.swift; path = EssentialFeedCacheIntegrationTests.swift; sourceTree = "<group>"; };
		68EC40C42C3C2CD80084AF53 /* EssentialFeedCacheIntegrationTests.xctestplan */ = {isa = PBXFileReference; lastKnownFileType = text; path = EssentialFeedCacheIntegrationTests.xctestplan; sourceTree = "<group>"; };
/* End PBXFileReference section */

/* Begin PBXFrameworksBuildPhase section */
		687075572C46B3A8003942B5 /* Frameworks */ = {
			isa = PBXFrameworksBuildPhase;
			buildActionMask = 2147483647;
			files = (
				6870758B2C4EA2CD003942B5 /* EssentialFeed.framework in Frameworks */,
			);
			runOnlyForDeploymentPostprocessing = 0;
		};
		6870755E2C46B3A9003942B5 /* Frameworks */ = {
			isa = PBXFrameworksBuildPhase;
			buildActionMask = 2147483647;
			files = (
				687075802C4EA01C003942B5 /* EssentialFeediOS.framework in Frameworks */,
			);
			runOnlyForDeploymentPostprocessing = 0;
		};
		688CCC602BE480EC004A8EEE /* Frameworks */ = {
			isa = PBXFrameworksBuildPhase;
			buildActionMask = 2147483647;
			files = (
			);
			runOnlyForDeploymentPostprocessing = 0;
		};
		688CCC6A2BE480EC004A8EEE /* Frameworks */ = {
			isa = PBXFrameworksBuildPhase;
			buildActionMask = 2147483647;
			files = (
				688CCC6E2BE480EC004A8EEE /* EssentialFeed.framework in Frameworks */,
			);
			runOnlyForDeploymentPostprocessing = 0;
		};
		68B139FE2BF3152700EC4795 /* Frameworks */ = {
			isa = PBXFrameworksBuildPhase;
			buildActionMask = 2147483647;
			files = (
				68B13A052BF3152700EC4795 /* EssentialFeed.framework in Frameworks */,
			);
			runOnlyForDeploymentPostprocessing = 0;
		};
		68EC40B72C3C2CB30084AF53 /* Frameworks */ = {
			isa = PBXFrameworksBuildPhase;
			buildActionMask = 2147483647;
			files = (
				68EC40BE2C3C2CB30084AF53 /* EssentialFeed.framework in Frameworks */,
			);
			runOnlyForDeploymentPostprocessing = 0;
		};
/* End PBXFrameworksBuildPhase section */

/* Begin PBXGroup section */
		6870755B2C46B3A9003942B5 /* EssentialFeediOS */ = {
			isa = PBXGroup;
			children = (
				687075B52C74CAD5003942B5 /* Feed Presentation */,
				687075AE2C628367003942B5 /* Feed Image Loader */,
				687075AC2C628063003942B5 /* Feed UI */,
			);
			path = EssentialFeediOS;
			sourceTree = "<group>";
		};
		687075652C46B3A9003942B5 /* EssentialFeediOSTests */ = {
			isa = PBXGroup;
			children = (
				687075AD2C62817F003942B5 /* Feed UI */,
				687075952C6273F9003942B5 /* Helpers */,
			);
			path = EssentialFeediOSTests;
			sourceTree = "<group>";
		};
		687075732C480E04003942B5 /* Frameworks */ = {
			isa = PBXGroup;
			children = (
			);
			name = Frameworks;
			sourceTree = "<group>";
		};
		687075952C6273F9003942B5 /* Helpers */ = {
			isa = PBXGroup;
			children = (
				687075962C627415003942B5 /* UIImage+TestHelpers.swift */,
				687075982C6274AC003942B5 /* UIRefreshControl+TestHelpers.swift */,
				6870759A2C627588003942B5 /* UIButton+TestHelpers.swift */,
				6870759C2C627719003942B5 /* UIControl+TestHelpers.swift */,
				687075A12C627A2C003942B5 /* FeedViewController+TestHelpers.swift */,
				687075A62C627C36003942B5 /* FeedImageCell+TestHelpers.swift */,
				687075A82C627D86003942B5 /* FeedViewControllerTests+LoaderSpy.swift */,
				687075AA2C627E61003942B5 /* FeedViewControllerTests+Assertions.swift */,
			);
			path = Helpers;
			sourceTree = "<group>";
		};
		6870759E2C627915003942B5 /* Controllers */ = {
			isa = PBXGroup;
			children = (
				687075712C46CF92003942B5 /* FeedViewControllerTests.swift */,
			);
			path = Controllers;
			sourceTree = "<group>";
		};
		6870759F2C627928003942B5 /* Controllers */ = {
			isa = PBXGroup;
			children = (
				6870758F2C4EA5BA003942B5 /* FeedViewController.swift */,
				687075B12C651D72003942B5 /* FeedRefreshViewController.swift */,
				687075B32C6526CB003942B5 /* FeedImageCellController.swift */,
			);
			path = Controllers;
			sourceTree = "<group>";
		};
		687075A02C627932003942B5 /* Views */ = {
			isa = PBXGroup;
			children = (
				687075912C5005D6003942B5 /* FeedImageCell.swift */,
				687075932C5933EA003942B5 /* UIView+Shimmering.swift */,
			);
			path = Views;
			sourceTree = "<group>";
		};
		687075A32C627B52003942B5 /* Views */ = {
			isa = PBXGroup;
			children = (
				687075A42C627B81003942B5 /* FakeRefreshControl.swift */,
			);
			path = Views;
			sourceTree = "<group>";
		};
		687075AC2C628063003942B5 /* Feed UI */ = {
			isa = PBXGroup;
			children = (
				687075BA2C7793C3003942B5 /* Composers */,
				6870759F2C627928003942B5 /* Controllers */,
				687075A02C627932003942B5 /* Views */,
			);
			path = "Feed UI";
			sourceTree = "<group>";
		};
		687075AD2C62817F003942B5 /* Feed UI */ = {
			isa = PBXGroup;
			children = (
				6870759E2C627915003942B5 /* Controllers */,
				687075A32C627B52003942B5 /* Views */,
			);
			path = "Feed UI";
			sourceTree = "<group>";
		};
		687075AE2C628367003942B5 /* Feed Image Loader */ = {
			isa = PBXGroup;
			children = (
				687075AF2C6283AC003942B5 /* FeedImageDataLoader.swift */,
			);
			path = "Feed Image Loader";
			sourceTree = "<group>";
		};
		687075B52C74CAD5003942B5 /* Feed Presentation */ = {
			isa = PBXGroup;
			children = (
				687075B82C74E833003942B5 /* FeedImageViewModel.swift */,
				687075BD2C7E0EAD003942B5 /* FeedPresenter.swift */,
			);
			path = "Feed Presentation";
			sourceTree = "<group>";
		};
		687075BA2C7793C3003942B5 /* Composers */ = {
			isa = PBXGroup;
			children = (
				687075BB2C77940C003942B5 /* FeedUIComposer.swift */,
			);
			path = Composers;
			sourceTree = "<group>";
		};
		6878F4EA2BFDB8540050A78D /* Helpers */ = {
			isa = PBXGroup;
			children = (
				6878F4EB2BFDB87F0050A78D /* FeedStoreSpy.swift */,
				6878F4EF2BFEE79E0050A78D /* FeedCacheTestHelpers.swift */,
			);
			path = Helpers;
			sourceTree = "<group>";
		};
		688CCC592BE480EC004A8EEE = {
			isa = PBXGroup;
			children = (
				687075702C46B8F1003942B5 /* CI_iOS.xctestplan */,
				6870756F2C46B42C003942B5 /* EssentialFeediOS.xctestplan */,
				687075542C46AFF8003942B5 /* EssentialFeedAPIEndToEndTests.xctestplan */,
				68EC40C42C3C2CD80084AF53 /* EssentialFeedCacheIntegrationTests.xctestplan */,
				68B13A0D2BF32E5400EC4795 /* CI.xctestplan */,
				68B139FC2BF3128A00EC4795 /* EssentialFeed.xctestplan */,
				688CCC652BE480EC004A8EEE /* EssentialFeed */,
				688CCC712BE480EC004A8EEE /* EssentialFeedTests */,
				68B13A022BF3152700EC4795 /* EssentialFeedAPIEndToEndTests */,
				68EC40BB2C3C2CB30084AF53 /* EssentialFeedCacheIntegrationTests */,
				6870755B2C46B3A9003942B5 /* EssentialFeediOS */,
				687075652C46B3A9003942B5 /* EssentialFeediOSTests */,
				688CCC642BE480EC004A8EEE /* Products */,
				687075732C480E04003942B5 /* Frameworks */,
			);
			sourceTree = "<group>";
		};
		688CCC642BE480EC004A8EEE /* Products */ = {
			isa = PBXGroup;
			children = (
				688CCC632BE480EC004A8EEE /* EssentialFeed.framework */,
				688CCC6D2BE480EC004A8EEE /* EssentialFeedTests.xctest */,
				68B13A012BF3152700EC4795 /* EssentialFeedAPIEndToEndTests.xctest */,
				68EC40BA2C3C2CB30084AF53 /* EssentialFeedCacheIntegrationTests.xctest */,
				6870755A2C46B3A9003942B5 /* EssentialFeediOS.framework */,
				687075612C46B3A9003942B5 /* EssentialFeediOSTests.xctest */,
			);
			name = Products;
			sourceTree = "<group>";
		};
		688CCC652BE480EC004A8EEE /* EssentialFeed */ = {
			isa = PBXGroup;
			children = (
				68AAE49B2BFC51DA00DA1DC8 /* Feed Cache */,
				688CCC842BE496CF004A8EEE /* Feed API */,
				688CCC812BE482BA004A8EEE /* Feed Feature */,
				688CCC662BE480EC004A8EEE /* EssentialFeed.h */,
				688CCC672BE480EC004A8EEE /* EssentialFeed.docc */,
			);
			path = EssentialFeed;
			sourceTree = "<group>";
		};
		688CCC712BE480EC004A8EEE /* EssentialFeedTests */ = {
			isa = PBXGroup;
			children = (
				68B139F72BF20B6B00EC4795 /* Helpers */,
				68AAE4962BFA035400DA1DC8 /* Feed Cache */,
				688CCC8B2BE73EF9004A8EEE /* Feed API */,
				688CCC722BE480EC004A8EEE /* EssentialFeedTests.swift */,
			);
			path = EssentialFeedTests;
			sourceTree = "<group>";
		};
		688CCC812BE482BA004A8EEE /* Feed Feature */ = {
			isa = PBXGroup;
			children = (
				688CCC7D2BE48139004A8EEE /* FeedImage.swift */,
				688CCC7F2BE4822C004A8EEE /* FeedLoader.swift */,
			);
			path = "Feed Feature";
			sourceTree = "<group>";
		};
		688CCC842BE496CF004A8EEE /* Feed API */ = {
			isa = PBXGroup;
			children = (
				688CCC852BE496E2004A8EEE /* RemoteFeedLoader.swift */,
				688CCC872BE731C8004A8EEE /* HTTPClient.swift */,
				688CCC892BE7321B004A8EEE /* FeedItemsMapper.swift */,
				68B139FA2BF30EA800EC4795 /* URLSessionHTTPClient.swift */,
				68AAE4A02BFCDEFC00DA1DC8 /* RemoteFeedItem.swift */,
			);
			path = "Feed API";
			sourceTree = "<group>";
		};
		688CCC8B2BE73EF9004A8EEE /* Feed API */ = {
			isa = PBXGroup;
			children = (
				688CCC822BE486A0004A8EEE /* LoadFeedFromRemoteUseCaseTests.swift */,
				684196032BEC739A008F3E2C /* URLSessionHTTPClientTests.swift */,
			);
			path = "Feed API";
			sourceTree = "<group>";
		};
		68AAE4962BFA035400DA1DC8 /* Feed Cache */ = {
			isa = PBXGroup;
			children = (
				68EC40922C2C49D70084AF53 /* FeedStoreSpecs */,
				6878F4EA2BFDB8540050A78D /* Helpers */,
				68AAE4992BFA039400DA1DC8 /* CacheFeedUseCaseTests.swift */,
				6878F4E82BFDB75D0050A78D /* LoadFeedFromCacheUserCaseTests.swift */,
				6878F4ED2BFEE1A50050A78D /* ValidateFeedCacheUseCaseTests.swift */,
				68EC40932C2D9CA90084AF53 /* CoreDataFeedStoreTests.swift */,
			);
			path = "Feed Cache";
			sourceTree = "<group>";
		};
		68AAE49B2BFC51DA00DA1DC8 /* Feed Cache */ = {
			isa = PBXGroup;
			children = (
				68EC409A2C342A6B0084AF53 /* Infrastructure */,
				68AAE49C2BFC51F100DA1DC8 /* LocalFeedLoader.swift */,
				68AAE49E2BFC528600DA1DC8 /* FeedStore.swift */,
				68AAE4A22BFCDF7200DA1DC8 /* LocalFeedImage.swift */,
				6878F4F32BFF00A50050A78D /* FeedCachePolicy.swift */,
			);
			path = "Feed Cache";
			sourceTree = "<group>";
		};
		68B139F72BF20B6B00EC4795 /* Helpers */ = {
			isa = PBXGroup;
			children = (
				68B139F82BF20B8C00EC4795 /* XCTestCase+MemoryLeakTracking.swift */,
				6878F4F12BFEE8CB0050A78D /* SharedTestHelpers.swift */,
			);
			path = Helpers;
			sourceTree = "<group>";
		};
		68B13A022BF3152700EC4795 /* EssentialFeedAPIEndToEndTests */ = {
			isa = PBXGroup;
			children = (
				68B13A032BF3152700EC4795 /* EssentialFeedAPIEndToEndTests.swift */,
			);
			path = EssentialFeedAPIEndToEndTests;
			sourceTree = "<group>";
		};
		68EC40922C2C49D70084AF53 /* FeedStoreSpecs */ = {
			isa = PBXGroup;
			children = (
				68EC40882C1B18700084AF53 /* FeedStoreSpecs.swift */,
				68EC408A2C1B1CC90084AF53 /* XCTestCase+FeedStoreSpecs.swift */,
				68EC408C2C1C270A0084AF53 /* XCTestCase+FailableRetrieveFeedStoreSpecs.swift */,
				68EC408E2C1C28810084AF53 /* XCTestCase+FailableInsertFeedStoreSpecs.swift */,
				68EC40902C1C2A560084AF53 /* XCTestCase+FailableDeleteFeedStoreSpecs.swift */,
			);
			path = FeedStoreSpecs;
			sourceTree = "<group>";
		};
		68EC409A2C342A6B0084AF53 /* Infrastructure */ = {
			isa = PBXGroup;
			children = (
				68EC409C2C342BA10084AF53 /* Codable */,
				68EC409B2C342B000084AF53 /* CoreData */,
			);
			path = Infrastructure;
			sourceTree = "<group>";
		};
		68EC409B2C342B000084AF53 /* CoreData */ = {
			isa = PBXGroup;
			children = (
				68EC40952C2D9D340084AF53 /* CoreDataFeedStore.swift */,
				68EC409D2C342BF90084AF53 /* CoreDataHelpers.swift */,
				68EC40972C2DA2630084AF53 /* FeedStore.xcdatamodeld */,
				68EC409F2C342CDA0084AF53 /* ManagedCache.swift */,
				68EC40A12C342CF30084AF53 /* ManagedFeedImage.swift */,
			);
			path = CoreData;
			sourceTree = "<group>";
		};
		68EC409C2C342BA10084AF53 /* Codable */ = {
			isa = PBXGroup;
			children = (
			);
			path = Codable;
			sourceTree = "<group>";
		};
		68EC40BB2C3C2CB30084AF53 /* EssentialFeedCacheIntegrationTests */ = {
			isa = PBXGroup;
			children = (
				68EC40BC2C3C2CB30084AF53 /* EssentialFeedCacheIntegrationTests.swift */,
			);
			path = EssentialFeedCacheIntegrationTests;
			sourceTree = "<group>";
		};
/* End PBXGroup section */

/* Begin PBXHeadersBuildPhase section */
		687075552C46B3A8003942B5 /* Headers */ = {
			isa = PBXHeadersBuildPhase;
			buildActionMask = 2147483647;
			files = (
			);
			runOnlyForDeploymentPostprocessing = 0;
		};
		688CCC5E2BE480EC004A8EEE /* Headers */ = {
			isa = PBXHeadersBuildPhase;
			buildActionMask = 2147483647;
			files = (
				688CCC742BE480EC004A8EEE /* EssentialFeed.h in Headers */,
			);
			runOnlyForDeploymentPostprocessing = 0;
		};
/* End PBXHeadersBuildPhase section */

/* Begin PBXNativeTarget section */
		687075592C46B3A8003942B5 /* EssentialFeediOS */ = {
			isa = PBXNativeTarget;
			buildConfigurationList = 687075692C46B3A9003942B5 /* Build configuration list for PBXNativeTarget "EssentialFeediOS" */;
			buildPhases = (
				687075552C46B3A8003942B5 /* Headers */,
				687075562C46B3A8003942B5 /* Sources */,
				687075572C46B3A8003942B5 /* Frameworks */,
				687075582C46B3A8003942B5 /* Resources */,
				6870758D2C4EA2CD003942B5 /* Embed Frameworks */,
			);
			buildRules = (
			);
			dependencies = (
				687075882C4EA0D4003942B5 /* PBXTargetDependency */,
			);
			name = EssentialFeediOS;
			productName = EssentialFeediOS;
			productReference = 6870755A2C46B3A9003942B5 /* EssentialFeediOS.framework */;
			productType = "com.apple.product-type.framework";
		};
		687075602C46B3A9003942B5 /* EssentialFeediOSTests */ = {
			isa = PBXNativeTarget;
			buildConfigurationList = 6870756C2C46B3A9003942B5 /* Build configuration list for PBXNativeTarget "EssentialFeediOSTests" */;
			buildPhases = (
				6870755D2C46B3A9003942B5 /* Sources */,
				6870755E2C46B3A9003942B5 /* Frameworks */,
				6870755F2C46B3A9003942B5 /* Resources */,
			);
			buildRules = (
			);
			dependencies = (
				687075832C4EA01C003942B5 /* PBXTargetDependency */,
			);
			name = EssentialFeediOSTests;
			productName = EssentialFeediOSTests;
			productReference = 687075612C46B3A9003942B5 /* EssentialFeediOSTests.xctest */;
			productType = "com.apple.product-type.bundle.unit-test";
		};
		688CCC622BE480EC004A8EEE /* EssentialFeed */ = {
			isa = PBXNativeTarget;
			buildConfigurationList = 688CCC772BE480EC004A8EEE /* Build configuration list for PBXNativeTarget "EssentialFeed" */;
			buildPhases = (
				688CCC5E2BE480EC004A8EEE /* Headers */,
				688CCC5F2BE480EC004A8EEE /* Sources */,
				688CCC602BE480EC004A8EEE /* Frameworks */,
				688CCC612BE480EC004A8EEE /* Resources */,
			);
			buildRules = (
			);
			dependencies = (
			);
			name = EssentialFeed;
			productName = EssentialFeed;
			productReference = 688CCC632BE480EC004A8EEE /* EssentialFeed.framework */;
			productType = "com.apple.product-type.framework";
		};
		688CCC6C2BE480EC004A8EEE /* EssentialFeedTests */ = {
			isa = PBXNativeTarget;
			buildConfigurationList = 688CCC7A2BE480EC004A8EEE /* Build configuration list for PBXNativeTarget "EssentialFeedTests" */;
			buildPhases = (
				688CCC692BE480EC004A8EEE /* Sources */,
				688CCC6A2BE480EC004A8EEE /* Frameworks */,
				688CCC6B2BE480EC004A8EEE /* Resources */,
			);
			buildRules = (
			);
			dependencies = (
				688CCC702BE480EC004A8EEE /* PBXTargetDependency */,
			);
			name = EssentialFeedTests;
			productName = EssentialFeedTests;
			productReference = 688CCC6D2BE480EC004A8EEE /* EssentialFeedTests.xctest */;
			productType = "com.apple.product-type.bundle.unit-test";
		};
		68B13A002BF3152700EC4795 /* EssentialFeedAPIEndToEndTests */ = {
			isa = PBXNativeTarget;
			buildConfigurationList = 68B13A082BF3152700EC4795 /* Build configuration list for PBXNativeTarget "EssentialFeedAPIEndToEndTests" */;
			buildPhases = (
				68B139FD2BF3152700EC4795 /* Sources */,
				68B139FE2BF3152700EC4795 /* Frameworks */,
				68B139FF2BF3152700EC4795 /* Resources */,
			);
			buildRules = (
			);
			dependencies = (
				68B13A072BF3152700EC4795 /* PBXTargetDependency */,
			);
			name = EssentialFeedAPIEndToEndTests;
			productName = EssentialFeedAPIEndToEndTests;
			productReference = 68B13A012BF3152700EC4795 /* EssentialFeedAPIEndToEndTests.xctest */;
			productType = "com.apple.product-type.bundle.unit-test";
		};
		68EC40B92C3C2CB30084AF53 /* EssentialFeedCacheIntegrationTests */ = {
			isa = PBXNativeTarget;
			buildConfigurationList = 68EC40C32C3C2CB30084AF53 /* Build configuration list for PBXNativeTarget "EssentialFeedCacheIntegrationTests" */;
			buildPhases = (
				68EC40B62C3C2CB30084AF53 /* Sources */,
				68EC40B72C3C2CB30084AF53 /* Frameworks */,
				68EC40B82C3C2CB30084AF53 /* Resources */,
			);
			buildRules = (
			);
			dependencies = (
				68EC40C02C3C2CB30084AF53 /* PBXTargetDependency */,
			);
			name = EssentialFeedCacheIntegrationTests;
			productName = EssentialFeedCacheIntegrationTests;
			productReference = 68EC40BA2C3C2CB30084AF53 /* EssentialFeedCacheIntegrationTests.xctest */;
			productType = "com.apple.product-type.bundle.unit-test";
		};
/* End PBXNativeTarget section */

/* Begin PBXProject section */
		688CCC5A2BE480EC004A8EEE /* Project object */ = {
			isa = PBXProject;
			attributes = {
				BuildIndependentTargetsInParallel = 1;
				LastSwiftUpdateCheck = 1500;
				LastUpgradeCheck = 1500;
				TargetAttributes = {
					687075592C46B3A8003942B5 = {
						CreatedOnToolsVersion = 15.0.1;
						LastSwiftMigration = 1500;
					};
					687075602C46B3A9003942B5 = {
						CreatedOnToolsVersion = 15.0.1;
						LastSwiftMigration = 1500;
					};
					688CCC622BE480EC004A8EEE = {
						CreatedOnToolsVersion = 15.0.1;
					};
					688CCC6C2BE480EC004A8EEE = {
						CreatedOnToolsVersion = 15.0.1;
					};
					68B13A002BF3152700EC4795 = {
						CreatedOnToolsVersion = 15.0.1;
					};
					68EC40B92C3C2CB30084AF53 = {
						CreatedOnToolsVersion = 15.0.1;
					};
				};
			};
			buildConfigurationList = 688CCC5D2BE480EC004A8EEE /* Build configuration list for PBXProject "EssentialFeed" */;
			compatibilityVersion = "Xcode 14.0";
			developmentRegion = en;
			hasScannedForEncodings = 0;
			knownRegions = (
				en,
				Base,
			);
			mainGroup = 688CCC592BE480EC004A8EEE;
			productRefGroup = 688CCC642BE480EC004A8EEE /* Products */;
			projectDirPath = "";
			projectRoot = "";
			targets = (
				688CCC622BE480EC004A8EEE /* EssentialFeed */,
				688CCC6C2BE480EC004A8EEE /* EssentialFeedTests */,
				68B13A002BF3152700EC4795 /* EssentialFeedAPIEndToEndTests */,
				68EC40B92C3C2CB30084AF53 /* EssentialFeedCacheIntegrationTests */,
				687075592C46B3A8003942B5 /* EssentialFeediOS */,
				687075602C46B3A9003942B5 /* EssentialFeediOSTests */,
			);
		};
/* End PBXProject section */

/* Begin PBXResourcesBuildPhase section */
		687075582C46B3A8003942B5 /* Resources */ = {
			isa = PBXResourcesBuildPhase;
			buildActionMask = 2147483647;
			files = (
			);
			runOnlyForDeploymentPostprocessing = 0;
		};
		6870755F2C46B3A9003942B5 /* Resources */ = {
			isa = PBXResourcesBuildPhase;
			buildActionMask = 2147483647;
			files = (
			);
			runOnlyForDeploymentPostprocessing = 0;
		};
		688CCC612BE480EC004A8EEE /* Resources */ = {
			isa = PBXResourcesBuildPhase;
			buildActionMask = 2147483647;
			files = (
			);
			runOnlyForDeploymentPostprocessing = 0;
		};
		688CCC6B2BE480EC004A8EEE /* Resources */ = {
			isa = PBXResourcesBuildPhase;
			buildActionMask = 2147483647;
			files = (
			);
			runOnlyForDeploymentPostprocessing = 0;
		};
		68B139FF2BF3152700EC4795 /* Resources */ = {
			isa = PBXResourcesBuildPhase;
			buildActionMask = 2147483647;
			files = (
			);
			runOnlyForDeploymentPostprocessing = 0;
		};
		68EC40B82C3C2CB30084AF53 /* Resources */ = {
			isa = PBXResourcesBuildPhase;
			buildActionMask = 2147483647;
			files = (
			);
			runOnlyForDeploymentPostprocessing = 0;
		};
/* End PBXResourcesBuildPhase section */

/* Begin PBXSourcesBuildPhase section */
		687075562C46B3A8003942B5 /* Sources */ = {
			isa = PBXSourcesBuildPhase;
			buildActionMask = 2147483647;
			files = (
				687075BE2C7E0EAD003942B5 /* FeedPresenter.swift in Sources */,
				687075BC2C77940C003942B5 /* FeedUIComposer.swift in Sources */,
				687075B02C6283AC003942B5 /* FeedImageDataLoader.swift in Sources */,
				687075B22C651D72003942B5 /* FeedRefreshViewController.swift in Sources */,
				687075942C5933EA003942B5 /* UIView+Shimmering.swift in Sources */,
				687075922C5005D6003942B5 /* FeedImageCell.swift in Sources */,
				687075902C4EA5BA003942B5 /* FeedViewController.swift in Sources */,
				687075B92C74E833003942B5 /* FeedImageViewModel.swift in Sources */,
				687075B42C6526CB003942B5 /* FeedImageCellController.swift in Sources */,
			);
			runOnlyForDeploymentPostprocessing = 0;
		};
		6870755D2C46B3A9003942B5 /* Sources */ = {
			isa = PBXSourcesBuildPhase;
			buildActionMask = 2147483647;
			files = (
				687075722C46CF92003942B5 /* FeedViewControllerTests.swift in Sources */,
				6870759B2C627588003942B5 /* UIButton+TestHelpers.swift in Sources */,
				687075A92C627D86003942B5 /* FeedViewControllerTests+LoaderSpy.swift in Sources */,
				687075A52C627B81003942B5 /* FakeRefreshControl.swift in Sources */,
				687075992C6274AC003942B5 /* UIRefreshControl+TestHelpers.swift in Sources */,
				687075A72C627C36003942B5 /* FeedImageCell+TestHelpers.swift in Sources */,
				6870759D2C627719003942B5 /* UIControl+TestHelpers.swift in Sources */,
				687075A22C627A2C003942B5 /* FeedViewController+TestHelpers.swift in Sources */,
				6870757A2C480EE5003942B5 /* XCTestCase+MemoryLeakTracking.swift in Sources */,
				687075AB2C627E61003942B5 /* FeedViewControllerTests+Assertions.swift in Sources */,
				687075972C627415003942B5 /* UIImage+TestHelpers.swift in Sources */,
			);
			runOnlyForDeploymentPostprocessing = 0;
		};
		688CCC5F2BE480EC004A8EEE /* Sources */ = {
			isa = PBXSourcesBuildPhase;
			buildActionMask = 2147483647;
			files = (
				68AAE4A32BFCDF7200DA1DC8 /* LocalFeedImage.swift in Sources */,
				68EC40992C2DA2630084AF53 /* FeedStore.xcdatamodeld in Sources */,
				68AAE49F2BFC528600DA1DC8 /* FeedStore.swift in Sources */,
				68B139FB2BF30EA800EC4795 /* URLSessionHTTPClient.swift in Sources */,
				688CCC862BE496E2004A8EEE /* RemoteFeedLoader.swift in Sources */,
				688CCC882BE731C8004A8EEE /* HTTPClient.swift in Sources */,
				68EC409E2C342BFA0084AF53 /* CoreDataHelpers.swift in Sources */,
				688CCC802BE4822C004A8EEE /* FeedLoader.swift in Sources */,
				68EC40962C2D9D340084AF53 /* CoreDataFeedStore.swift in Sources */,
				68EC40A02C342CDA0084AF53 /* ManagedCache.swift in Sources */,
				688CCC8A2BE7321B004A8EEE /* FeedItemsMapper.swift in Sources */,
				68AAE4A12BFCDEFC00DA1DC8 /* RemoteFeedItem.swift in Sources */,
				6878F4F42BFF00A50050A78D /* FeedCachePolicy.swift in Sources */,
				688CCC7E2BE48139004A8EEE /* FeedImage.swift in Sources */,
				68EC40A22C342CF30084AF53 /* ManagedFeedImage.swift in Sources */,
				68AAE49D2BFC51F100DA1DC8 /* LocalFeedLoader.swift in Sources */,
				688CCC682BE480EC004A8EEE /* EssentialFeed.docc in Sources */,
			);
			runOnlyForDeploymentPostprocessing = 0;
		};
		688CCC692BE480EC004A8EEE /* Sources */ = {
			isa = PBXSourcesBuildPhase;
			buildActionMask = 2147483647;
			files = (
				68EC408B2C1B1CC90084AF53 /* XCTestCase+FeedStoreSpecs.swift in Sources */,
				688CCC832BE486A0004A8EEE /* LoadFeedFromRemoteUseCaseTests.swift in Sources */,
				68EC40942C2D9CA90084AF53 /* CoreDataFeedStoreTests.swift in Sources */,
				68EC408D2C1C270A0084AF53 /* XCTestCase+FailableRetrieveFeedStoreSpecs.swift in Sources */,
				6878F4E92BFDB75D0050A78D /* LoadFeedFromCacheUserCaseTests.swift in Sources */,
				6878F4F22BFEE8CB0050A78D /* SharedTestHelpers.swift in Sources */,
				68B139F92BF20B8C00EC4795 /* XCTestCase+MemoryLeakTracking.swift in Sources */,
				684196042BEC739A008F3E2C /* URLSessionHTTPClientTests.swift in Sources */,
				6878F4F02BFEE79E0050A78D /* FeedCacheTestHelpers.swift in Sources */,
				6878F4EE2BFEE1A50050A78D /* ValidateFeedCacheUseCaseTests.swift in Sources */,
				6878F4EC2BFDB87F0050A78D /* FeedStoreSpy.swift in Sources */,
				68AAE49A2BFA039400DA1DC8 /* CacheFeedUseCaseTests.swift in Sources */,
				68EC40912C1C2A560084AF53 /* XCTestCase+FailableDeleteFeedStoreSpecs.swift in Sources */,
				68EC40892C1B18700084AF53 /* FeedStoreSpecs.swift in Sources */,
				688CCC732BE480EC004A8EEE /* EssentialFeedTests.swift in Sources */,
				68EC408F2C1C28810084AF53 /* XCTestCase+FailableInsertFeedStoreSpecs.swift in Sources */,
			);
			runOnlyForDeploymentPostprocessing = 0;
		};
		68B139FD2BF3152700EC4795 /* Sources */ = {
			isa = PBXSourcesBuildPhase;
			buildActionMask = 2147483647;
			files = (
				68B13A042BF3152700EC4795 /* EssentialFeedAPIEndToEndTests.swift in Sources */,
				68B13A0B2BF329FB00EC4795 /* XCTestCase+MemoryLeakTracking.swift in Sources */,
			);
			runOnlyForDeploymentPostprocessing = 0;
		};
		68EC40B62C3C2CB30084AF53 /* Sources */ = {
			isa = PBXSourcesBuildPhase;
			buildActionMask = 2147483647;
			files = (
				68EC40C72C3C36C60084AF53 /* SharedTestHelpers.swift in Sources */,
				68EC40BD2C3C2CB30084AF53 /* EssentialFeedCacheIntegrationTests.swift in Sources */,
				68EC40C62C3C36BF0084AF53 /* FeedCacheTestHelpers.swift in Sources */,
				68EC40C52C3C2D740084AF53 /* XCTestCase+MemoryLeakTracking.swift in Sources */,
			);
			runOnlyForDeploymentPostprocessing = 0;
		};
/* End PBXSourcesBuildPhase section */

/* Begin PBXTargetDependency section */
		687075832C4EA01C003942B5 /* PBXTargetDependency */ = {
			isa = PBXTargetDependency;
			target = 687075592C46B3A8003942B5 /* EssentialFeediOS */;
			targetProxy = 687075822C4EA01C003942B5 /* PBXContainerItemProxy */;
		};
		687075882C4EA0D4003942B5 /* PBXTargetDependency */ = {
			isa = PBXTargetDependency;
			target = 688CCC622BE480EC004A8EEE /* EssentialFeed */;
			targetProxy = 687075872C4EA0D4003942B5 /* PBXContainerItemProxy */;
		};
		688CCC702BE480EC004A8EEE /* PBXTargetDependency */ = {
			isa = PBXTargetDependency;
			target = 688CCC622BE480EC004A8EEE /* EssentialFeed */;
			targetProxy = 688CCC6F2BE480EC004A8EEE /* PBXContainerItemProxy */;
		};
		68B13A072BF3152700EC4795 /* PBXTargetDependency */ = {
			isa = PBXTargetDependency;
			target = 688CCC622BE480EC004A8EEE /* EssentialFeed */;
			targetProxy = 68B13A062BF3152700EC4795 /* PBXContainerItemProxy */;
		};
		68EC40C02C3C2CB30084AF53 /* PBXTargetDependency */ = {
			isa = PBXTargetDependency;
			target = 688CCC622BE480EC004A8EEE /* EssentialFeed */;
			targetProxy = 68EC40BF2C3C2CB30084AF53 /* PBXContainerItemProxy */;
		};
/* End PBXTargetDependency section */

/* Begin XCBuildConfiguration section */
		6870756A2C46B3A9003942B5 /* Debug */ = {
			isa = XCBuildConfiguration;
			buildSettings = {
				CLANG_ENABLE_MODULES = YES;
				CODE_SIGN_STYLE = Automatic;
				CURRENT_PROJECT_VERSION = 1;
				DEFINES_MODULE = YES;
				DEVELOPMENT_TEAM = 2WFF68Z2V7;
				DYLIB_COMPATIBILITY_VERSION = 1;
				DYLIB_CURRENT_VERSION = 1;
				DYLIB_INSTALL_NAME_BASE = "@rpath";
				ENABLE_MODULE_VERIFIER = YES;
				GENERATE_INFOPLIST_FILE = YES;
				INFOPLIST_KEY_NSHumanReadableCopyright = "";
				INSTALL_PATH = "$(LOCAL_LIBRARY_DIR)/Frameworks";
				IPHONEOS_DEPLOYMENT_TARGET = 16.0;
				LD_RUNPATH_SEARCH_PATHS = (
					"$(inherited)",
					"@executable_path/Frameworks",
					"@loader_path/Frameworks",
				);
				MARKETING_VERSION = 1.0;
				MODULE_VERIFIER_SUPPORTED_LANGUAGES = "objective-c objective-c++";
				MODULE_VERIFIER_SUPPORTED_LANGUAGE_STANDARDS = "gnu17 gnu++20";
				PRODUCT_BUNDLE_IDENTIFIER = com.nicho.EssentialFeediOS;
				PRODUCT_NAME = "$(TARGET_NAME:c99extidentifier)";
				SKIP_INSTALL = YES;
				SWIFT_EMIT_LOC_STRINGS = YES;
				SWIFT_OPTIMIZATION_LEVEL = "-Onone";
				SWIFT_VERSION = 5.0;
				TARGETED_DEVICE_FAMILY = "1,2";
			};
			name = Debug;
		};
		6870756B2C46B3A9003942B5 /* Release */ = {
			isa = XCBuildConfiguration;
			buildSettings = {
				CLANG_ENABLE_MODULES = YES;
				CODE_SIGN_STYLE = Automatic;
				CURRENT_PROJECT_VERSION = 1;
				DEFINES_MODULE = YES;
				DEVELOPMENT_TEAM = 2WFF68Z2V7;
				DYLIB_COMPATIBILITY_VERSION = 1;
				DYLIB_CURRENT_VERSION = 1;
				DYLIB_INSTALL_NAME_BASE = "@rpath";
				ENABLE_MODULE_VERIFIER = YES;
				GENERATE_INFOPLIST_FILE = YES;
				INFOPLIST_KEY_NSHumanReadableCopyright = "";
				INSTALL_PATH = "$(LOCAL_LIBRARY_DIR)/Frameworks";
				IPHONEOS_DEPLOYMENT_TARGET = 16.0;
				LD_RUNPATH_SEARCH_PATHS = (
					"$(inherited)",
					"@executable_path/Frameworks",
					"@loader_path/Frameworks",
				);
				MARKETING_VERSION = 1.0;
				MODULE_VERIFIER_SUPPORTED_LANGUAGES = "objective-c objective-c++";
				MODULE_VERIFIER_SUPPORTED_LANGUAGE_STANDARDS = "gnu17 gnu++20";
				PRODUCT_BUNDLE_IDENTIFIER = com.nicho.EssentialFeediOS;
				PRODUCT_NAME = "$(TARGET_NAME:c99extidentifier)";
				SKIP_INSTALL = YES;
				SWIFT_EMIT_LOC_STRINGS = YES;
				SWIFT_VERSION = 5.0;
				TARGETED_DEVICE_FAMILY = "1,2";
			};
			name = Release;
		};
		6870756D2C46B3A9003942B5 /* Debug */ = {
			isa = XCBuildConfiguration;
			buildSettings = {
				ALWAYS_EMBED_SWIFT_STANDARD_LIBRARIES = YES;
				CLANG_ENABLE_MODULES = YES;
				CODE_SIGN_STYLE = Automatic;
				CURRENT_PROJECT_VERSION = 1;
				DEVELOPMENT_TEAM = 2WFF68Z2V7;
				GENERATE_INFOPLIST_FILE = YES;
				MARKETING_VERSION = 1.0;
				PRODUCT_BUNDLE_IDENTIFIER = com.nicho.EssentialFeediOSTests;
				PRODUCT_NAME = "$(TARGET_NAME)";
				SWIFT_EMIT_LOC_STRINGS = NO;
				SWIFT_OPTIMIZATION_LEVEL = "-Onone";
				SWIFT_VERSION = 5.0;
				TARGETED_DEVICE_FAMILY = "1,2";
			};
			name = Debug;
		};
		6870756E2C46B3A9003942B5 /* Release */ = {
			isa = XCBuildConfiguration;
			buildSettings = {
				ALWAYS_EMBED_SWIFT_STANDARD_LIBRARIES = YES;
				CLANG_ENABLE_MODULES = YES;
				CODE_SIGN_STYLE = Automatic;
				CURRENT_PROJECT_VERSION = 1;
				DEVELOPMENT_TEAM = 2WFF68Z2V7;
				GENERATE_INFOPLIST_FILE = YES;
				MARKETING_VERSION = 1.0;
				PRODUCT_BUNDLE_IDENTIFIER = com.nicho.EssentialFeediOSTests;
				PRODUCT_NAME = "$(TARGET_NAME)";
				SWIFT_EMIT_LOC_STRINGS = NO;
				SWIFT_VERSION = 5.0;
				TARGETED_DEVICE_FAMILY = "1,2";
			};
			name = Release;
		};
		688CCC752BE480EC004A8EEE /* Debug */ = {
			isa = XCBuildConfiguration;
			buildSettings = {
				ALWAYS_SEARCH_USER_PATHS = NO;
				ASSETCATALOG_COMPILER_GENERATE_SWIFT_ASSET_SYMBOL_EXTENSIONS = YES;
				CLANG_ANALYZER_NONNULL = YES;
				CLANG_ANALYZER_NUMBER_OBJECT_CONVERSION = YES_AGGRESSIVE;
				CLANG_CXX_LANGUAGE_STANDARD = "gnu++20";
				CLANG_ENABLE_MODULES = YES;
				CLANG_ENABLE_OBJC_ARC = YES;
				CLANG_ENABLE_OBJC_WEAK = YES;
				CLANG_WARN_BLOCK_CAPTURE_AUTORELEASING = YES;
				CLANG_WARN_BOOL_CONVERSION = YES;
				CLANG_WARN_COMMA = YES;
				CLANG_WARN_CONSTANT_CONVERSION = YES;
				CLANG_WARN_DEPRECATED_OBJC_IMPLEMENTATIONS = YES;
				CLANG_WARN_DIRECT_OBJC_ISA_USAGE = YES_ERROR;
				CLANG_WARN_DOCUMENTATION_COMMENTS = YES;
				CLANG_WARN_EMPTY_BODY = YES;
				CLANG_WARN_ENUM_CONVERSION = YES;
				CLANG_WARN_INFINITE_RECURSION = YES;
				CLANG_WARN_INT_CONVERSION = YES;
				CLANG_WARN_NON_LITERAL_NULL_CONVERSION = YES;
				CLANG_WARN_OBJC_IMPLICIT_RETAIN_SELF = YES;
				CLANG_WARN_OBJC_LITERAL_CONVERSION = YES;
				CLANG_WARN_OBJC_ROOT_CLASS = YES_ERROR;
				CLANG_WARN_QUOTED_INCLUDE_IN_FRAMEWORK_HEADER = YES;
				CLANG_WARN_RANGE_LOOP_ANALYSIS = YES;
				CLANG_WARN_STRICT_PROTOTYPES = YES;
				CLANG_WARN_SUSPICIOUS_MOVE = YES;
				CLANG_WARN_UNGUARDED_AVAILABILITY = YES_AGGRESSIVE;
				CLANG_WARN_UNREACHABLE_CODE = YES;
				CLANG_WARN__DUPLICATE_METHOD_MATCH = YES;
				COPY_PHASE_STRIP = NO;
				CURRENT_PROJECT_VERSION = 1;
				DEBUG_INFORMATION_FORMAT = dwarf;
				ENABLE_STRICT_OBJC_MSGSEND = YES;
				ENABLE_TESTABILITY = YES;
				ENABLE_USER_SCRIPT_SANDBOXING = YES;
				GCC_C_LANGUAGE_STANDARD = gnu17;
				GCC_DYNAMIC_NO_PIC = NO;
				GCC_NO_COMMON_BLOCKS = YES;
				GCC_OPTIMIZATION_LEVEL = 0;
				GCC_PREPROCESSOR_DEFINITIONS = (
					"DEBUG=1",
					"$(inherited)",
				);
				GCC_WARN_64_TO_32_BIT_CONVERSION = YES;
				GCC_WARN_ABOUT_RETURN_TYPE = YES_ERROR;
				GCC_WARN_UNDECLARED_SELECTOR = YES;
				GCC_WARN_UNINITIALIZED_AUTOS = YES_AGGRESSIVE;
				GCC_WARN_UNUSED_FUNCTION = YES;
				GCC_WARN_UNUSED_VARIABLE = YES;
				IPHONEOS_DEPLOYMENT_TARGET = 16.0;
				LOCALIZATION_PREFERS_STRING_CATALOGS = YES;
				MTL_ENABLE_DEBUG_INFO = INCLUDE_SOURCE;
				MTL_FAST_MATH = YES;
				ONLY_ACTIVE_ARCH = YES;
				SDKROOT = iphoneos;
				SWIFT_ACTIVE_COMPILATION_CONDITIONS = "DEBUG $(inherited)";
				SWIFT_OPTIMIZATION_LEVEL = "-Onone";
				VERSIONING_SYSTEM = "apple-generic";
				VERSION_INFO_PREFIX = "";
			};
			name = Debug;
		};
		688CCC762BE480EC004A8EEE /* Release */ = {
			isa = XCBuildConfiguration;
			buildSettings = {
				ALWAYS_SEARCH_USER_PATHS = NO;
				ASSETCATALOG_COMPILER_GENERATE_SWIFT_ASSET_SYMBOL_EXTENSIONS = YES;
				CLANG_ANALYZER_NONNULL = YES;
				CLANG_ANALYZER_NUMBER_OBJECT_CONVERSION = YES_AGGRESSIVE;
				CLANG_CXX_LANGUAGE_STANDARD = "gnu++20";
				CLANG_ENABLE_MODULES = YES;
				CLANG_ENABLE_OBJC_ARC = YES;
				CLANG_ENABLE_OBJC_WEAK = YES;
				CLANG_WARN_BLOCK_CAPTURE_AUTORELEASING = YES;
				CLANG_WARN_BOOL_CONVERSION = YES;
				CLANG_WARN_COMMA = YES;
				CLANG_WARN_CONSTANT_CONVERSION = YES;
				CLANG_WARN_DEPRECATED_OBJC_IMPLEMENTATIONS = YES;
				CLANG_WARN_DIRECT_OBJC_ISA_USAGE = YES_ERROR;
				CLANG_WARN_DOCUMENTATION_COMMENTS = YES;
				CLANG_WARN_EMPTY_BODY = YES;
				CLANG_WARN_ENUM_CONVERSION = YES;
				CLANG_WARN_INFINITE_RECURSION = YES;
				CLANG_WARN_INT_CONVERSION = YES;
				CLANG_WARN_NON_LITERAL_NULL_CONVERSION = YES;
				CLANG_WARN_OBJC_IMPLICIT_RETAIN_SELF = YES;
				CLANG_WARN_OBJC_LITERAL_CONVERSION = YES;
				CLANG_WARN_OBJC_ROOT_CLASS = YES_ERROR;
				CLANG_WARN_QUOTED_INCLUDE_IN_FRAMEWORK_HEADER = YES;
				CLANG_WARN_RANGE_LOOP_ANALYSIS = YES;
				CLANG_WARN_STRICT_PROTOTYPES = YES;
				CLANG_WARN_SUSPICIOUS_MOVE = YES;
				CLANG_WARN_UNGUARDED_AVAILABILITY = YES_AGGRESSIVE;
				CLANG_WARN_UNREACHABLE_CODE = YES;
				CLANG_WARN__DUPLICATE_METHOD_MATCH = YES;
				COPY_PHASE_STRIP = NO;
				CURRENT_PROJECT_VERSION = 1;
				DEBUG_INFORMATION_FORMAT = "dwarf-with-dsym";
				ENABLE_NS_ASSERTIONS = NO;
				ENABLE_STRICT_OBJC_MSGSEND = YES;
				ENABLE_USER_SCRIPT_SANDBOXING = YES;
				GCC_C_LANGUAGE_STANDARD = gnu17;
				GCC_NO_COMMON_BLOCKS = YES;
				GCC_WARN_64_TO_32_BIT_CONVERSION = YES;
				GCC_WARN_ABOUT_RETURN_TYPE = YES_ERROR;
				GCC_WARN_UNDECLARED_SELECTOR = YES;
				GCC_WARN_UNINITIALIZED_AUTOS = YES_AGGRESSIVE;
				GCC_WARN_UNUSED_FUNCTION = YES;
				GCC_WARN_UNUSED_VARIABLE = YES;
				IPHONEOS_DEPLOYMENT_TARGET = 16.0;
				LOCALIZATION_PREFERS_STRING_CATALOGS = YES;
				MTL_ENABLE_DEBUG_INFO = NO;
				MTL_FAST_MATH = YES;
				SDKROOT = iphoneos;
				SWIFT_COMPILATION_MODE = wholemodule;
				VALIDATE_PRODUCT = YES;
				VERSIONING_SYSTEM = "apple-generic";
				VERSION_INFO_PREFIX = "";
			};
			name = Release;
		};
		688CCC782BE480EC004A8EEE /* Debug */ = {
			isa = XCBuildConfiguration;
			buildSettings = {
				CODE_SIGN_STYLE = Automatic;
				CURRENT_PROJECT_VERSION = 1;
				DEFINES_MODULE = YES;
				DEVELOPMENT_TEAM = 2WFF68Z2V7;
				DYLIB_COMPATIBILITY_VERSION = 1;
				DYLIB_CURRENT_VERSION = 1;
				DYLIB_INSTALL_NAME_BASE = "@rpath";
				ENABLE_MODULE_VERIFIER = YES;
				GENERATE_INFOPLIST_FILE = YES;
				INFOPLIST_KEY_NSHumanReadableCopyright = "";
				INSTALL_PATH = "$(LOCAL_LIBRARY_DIR)/Frameworks";
				LD_RUNPATH_SEARCH_PATHS = (
					"$(inherited)",
					"@executable_path/Frameworks",
					"@loader_path/Frameworks",
				);
				MARKETING_VERSION = 1.0;
				MODULE_VERIFIER_SUPPORTED_LANGUAGES = "objective-c objective-c++";
				MODULE_VERIFIER_SUPPORTED_LANGUAGE_STANDARDS = "gnu17 gnu++20";
				PRODUCT_BUNDLE_IDENTIFIER = com.nicho.EssentialFeed;
				PRODUCT_NAME = "$(TARGET_NAME:c99extidentifier)";
				SKIP_INSTALL = YES;
				SUPPORTED_PLATFORMS = "iphonesimulator iphoneos macosx";
				SWIFT_EMIT_LOC_STRINGS = YES;
				SWIFT_VERSION = 5.0;
				TARGETED_DEVICE_FAMILY = "1,2";
			};
			name = Debug;
		};
		688CCC792BE480EC004A8EEE /* Release */ = {
			isa = XCBuildConfiguration;
			buildSettings = {
				CODE_SIGN_STYLE = Automatic;
				CURRENT_PROJECT_VERSION = 1;
				DEFINES_MODULE = YES;
				DEVELOPMENT_TEAM = 2WFF68Z2V7;
				DYLIB_COMPATIBILITY_VERSION = 1;
				DYLIB_CURRENT_VERSION = 1;
				DYLIB_INSTALL_NAME_BASE = "@rpath";
				ENABLE_MODULE_VERIFIER = YES;
				GENERATE_INFOPLIST_FILE = YES;
				INFOPLIST_KEY_NSHumanReadableCopyright = "";
				INSTALL_PATH = "$(LOCAL_LIBRARY_DIR)/Frameworks";
				LD_RUNPATH_SEARCH_PATHS = (
					"$(inherited)",
					"@executable_path/Frameworks",
					"@loader_path/Frameworks",
				);
				MARKETING_VERSION = 1.0;
				MODULE_VERIFIER_SUPPORTED_LANGUAGES = "objective-c objective-c++";
				MODULE_VERIFIER_SUPPORTED_LANGUAGE_STANDARDS = "gnu17 gnu++20";
				PRODUCT_BUNDLE_IDENTIFIER = com.nicho.EssentialFeed;
				PRODUCT_NAME = "$(TARGET_NAME:c99extidentifier)";
				SKIP_INSTALL = YES;
				SUPPORTED_PLATFORMS = "iphonesimulator iphoneos macosx";
				SWIFT_EMIT_LOC_STRINGS = YES;
				SWIFT_VERSION = 5.0;
				TARGETED_DEVICE_FAMILY = "1,2";
			};
			name = Release;
		};
		688CCC7B2BE480EC004A8EEE /* Debug */ = {
			isa = XCBuildConfiguration;
			buildSettings = {
				ALWAYS_EMBED_SWIFT_STANDARD_LIBRARIES = YES;
				CODE_SIGN_STYLE = Automatic;
				CURRENT_PROJECT_VERSION = 1;
				DEVELOPMENT_TEAM = 2WFF68Z2V7;
				GENERATE_INFOPLIST_FILE = YES;
				MARKETING_VERSION = 1.0;
				PRODUCT_BUNDLE_IDENTIFIER = com.nicho.EssentialFeedTests;
				PRODUCT_NAME = "$(TARGET_NAME)";
				SUPPORTED_PLATFORMS = "iphonesimulator iphoneos macosx";
				SWIFT_EMIT_LOC_STRINGS = NO;
				SWIFT_VERSION = 5.0;
				TARGETED_DEVICE_FAMILY = "1,2";
			};
			name = Debug;
		};
		688CCC7C2BE480EC004A8EEE /* Release */ = {
			isa = XCBuildConfiguration;
			buildSettings = {
				ALWAYS_EMBED_SWIFT_STANDARD_LIBRARIES = YES;
				CODE_SIGN_STYLE = Automatic;
				CURRENT_PROJECT_VERSION = 1;
				DEVELOPMENT_TEAM = 2WFF68Z2V7;
				GENERATE_INFOPLIST_FILE = YES;
				MARKETING_VERSION = 1.0;
				PRODUCT_BUNDLE_IDENTIFIER = com.nicho.EssentialFeedTests;
				PRODUCT_NAME = "$(TARGET_NAME)";
				SUPPORTED_PLATFORMS = "iphonesimulator iphoneos macosx";
				SWIFT_EMIT_LOC_STRINGS = NO;
				SWIFT_VERSION = 5.0;
				TARGETED_DEVICE_FAMILY = "1,2";
			};
			name = Release;
		};
		68B13A092BF3152700EC4795 /* Debug */ = {
			isa = XCBuildConfiguration;
			buildSettings = {
				CODE_SIGN_STYLE = Automatic;
				CURRENT_PROJECT_VERSION = 1;
				DEVELOPMENT_TEAM = 2WFF68Z2V7;
				GENERATE_INFOPLIST_FILE = YES;
				MARKETING_VERSION = 1.0;
				PRODUCT_BUNDLE_IDENTIFIER = com.nicho.EssentialFeedAPIEndToEndTests;
				PRODUCT_NAME = "$(TARGET_NAME)";
				SUPPORTED_PLATFORMS = "iphonesimulator iphoneos macosx";
				SWIFT_EMIT_LOC_STRINGS = NO;
				SWIFT_VERSION = 5.0;
				TARGETED_DEVICE_FAMILY = "1,2";
			};
			name = Debug;
		};
		68B13A0A2BF3152700EC4795 /* Release */ = {
			isa = XCBuildConfiguration;
			buildSettings = {
				CODE_SIGN_STYLE = Automatic;
				CURRENT_PROJECT_VERSION = 1;
				DEVELOPMENT_TEAM = 2WFF68Z2V7;
				GENERATE_INFOPLIST_FILE = YES;
				MARKETING_VERSION = 1.0;
				PRODUCT_BUNDLE_IDENTIFIER = com.nicho.EssentialFeedAPIEndToEndTests;
				PRODUCT_NAME = "$(TARGET_NAME)";
				SUPPORTED_PLATFORMS = "iphonesimulator iphoneos macosx";
				SWIFT_EMIT_LOC_STRINGS = NO;
				SWIFT_VERSION = 5.0;
				TARGETED_DEVICE_FAMILY = "1,2";
			};
			name = Release;
		};
		68EC40C12C3C2CB30084AF53 /* Debug */ = {
			isa = XCBuildConfiguration;
			buildSettings = {
				CODE_SIGN_STYLE = Automatic;
				CURRENT_PROJECT_VERSION = 1;
				DEVELOPMENT_TEAM = 2WFF68Z2V7;
				GENERATE_INFOPLIST_FILE = YES;
				MARKETING_VERSION = 1.0;
				PRODUCT_BUNDLE_IDENTIFIER = com.nicho.EssentialFeedCacheIntegrationTests;
				PRODUCT_NAME = "$(TARGET_NAME)";
				SUPPORTED_PLATFORMS = "iphonesimulator iphoneos macosx";
				SWIFT_EMIT_LOC_STRINGS = NO;
				SWIFT_VERSION = 5.0;
				TARGETED_DEVICE_FAMILY = "1,2";
			};
			name = Debug;
		};
		68EC40C22C3C2CB30084AF53 /* Release */ = {
			isa = XCBuildConfiguration;
			buildSettings = {
				CODE_SIGN_STYLE = Automatic;
				CURRENT_PROJECT_VERSION = 1;
				DEVELOPMENT_TEAM = 2WFF68Z2V7;
				GENERATE_INFOPLIST_FILE = YES;
				MARKETING_VERSION = 1.0;
				PRODUCT_BUNDLE_IDENTIFIER = com.nicho.EssentialFeedCacheIntegrationTests;
				PRODUCT_NAME = "$(TARGET_NAME)";
				SUPPORTED_PLATFORMS = "iphonesimulator iphoneos macosx";
				SWIFT_EMIT_LOC_STRINGS = NO;
				SWIFT_VERSION = 5.0;
				TARGETED_DEVICE_FAMILY = "1,2";
			};
			name = Release;
		};
/* End XCBuildConfiguration section */

/* Begin XCConfigurationList section */
		687075692C46B3A9003942B5 /* Build configuration list for PBXNativeTarget "EssentialFeediOS" */ = {
			isa = XCConfigurationList;
			buildConfigurations = (
				6870756A2C46B3A9003942B5 /* Debug */,
				6870756B2C46B3A9003942B5 /* Release */,
			);
			defaultConfigurationIsVisible = 0;
			defaultConfigurationName = Release;
		};
		6870756C2C46B3A9003942B5 /* Build configuration list for PBXNativeTarget "EssentialFeediOSTests" */ = {
			isa = XCConfigurationList;
			buildConfigurations = (
				6870756D2C46B3A9003942B5 /* Debug */,
				6870756E2C46B3A9003942B5 /* Release */,
			);
			defaultConfigurationIsVisible = 0;
			defaultConfigurationName = Release;
		};
		688CCC5D2BE480EC004A8EEE /* Build configuration list for PBXProject "EssentialFeed" */ = {
			isa = XCConfigurationList;
			buildConfigurations = (
				688CCC752BE480EC004A8EEE /* Debug */,
				688CCC762BE480EC004A8EEE /* Release */,
			);
			defaultConfigurationIsVisible = 0;
			defaultConfigurationName = Release;
		};
		688CCC772BE480EC004A8EEE /* Build configuration list for PBXNativeTarget "EssentialFeed" */ = {
			isa = XCConfigurationList;
			buildConfigurations = (
				688CCC782BE480EC004A8EEE /* Debug */,
				688CCC792BE480EC004A8EEE /* Release */,
			);
			defaultConfigurationIsVisible = 0;
			defaultConfigurationName = Release;
		};
		688CCC7A2BE480EC004A8EEE /* Build configuration list for PBXNativeTarget "EssentialFeedTests" */ = {
			isa = XCConfigurationList;
			buildConfigurations = (
				688CCC7B2BE480EC004A8EEE /* Debug */,
				688CCC7C2BE480EC004A8EEE /* Release */,
			);
			defaultConfigurationIsVisible = 0;
			defaultConfigurationName = Release;
		};
		68B13A082BF3152700EC4795 /* Build configuration list for PBXNativeTarget "EssentialFeedAPIEndToEndTests" */ = {
			isa = XCConfigurationList;
			buildConfigurations = (
				68B13A092BF3152700EC4795 /* Debug */,
				68B13A0A2BF3152700EC4795 /* Release */,
			);
			defaultConfigurationIsVisible = 0;
			defaultConfigurationName = Release;
		};
		68EC40C32C3C2CB30084AF53 /* Build configuration list for PBXNativeTarget "EssentialFeedCacheIntegrationTests" */ = {
			isa = XCConfigurationList;
			buildConfigurations = (
				68EC40C12C3C2CB30084AF53 /* Debug */,
				68EC40C22C3C2CB30084AF53 /* Release */,
			);
			defaultConfigurationIsVisible = 0;
			defaultConfigurationName = Release;
		};
/* End XCConfigurationList section */

/* Begin XCVersionGroup section */
		68EC40972C2DA2630084AF53 /* FeedStore.xcdatamodeld */ = {
			isa = XCVersionGroup;
			children = (
				68EC40982C2DA2630084AF53 /* FeedStore.xcdatamodel */,
			);
			currentVersion = 68EC40982C2DA2630084AF53 /* FeedStore.xcdatamodel */;
			path = FeedStore.xcdatamodeld;
			sourceTree = "<group>";
			versionGroupType = wrapper.xcdatamodel;
		};
/* End XCVersionGroup section */
	};
	rootObject = 688CCC5A2BE480EC004A8EEE /* Project object */;
}
